
Microsoft Visual Studio Solution File, Format Version 12.00
# Visual Studio Version 17
VisualStudioVersion = 17.4.33122.133
MinimumVisualStudioVersion = 10.0.40219.1
Project("{FAE04EC0-301F-11D3-BF4B-00C04F79EFBC}") = "Catalog.Host", "Catalog\Catalog.Host\Catalog.Host.csproj", "{AD346CF9-8A71-45E3-B7ED-30804F372CD8}"
EndProject
Project("{2150E333-8FDC-42A3-9474-1A3956D46DE8}") = "Catalog", "Catalog", "{E954B0BC-41B7-4FD0-8BF1-3EEC8412919B}"
EndProject
Project("{2150E333-8FDC-42A3-9474-1A3956D46DE8}") = "SolutionItems", "SolutionItems", "{21DF0C2D-2F9F-4898-A71A-D73677B0128A}"
	ProjectSection(SolutionItems) = preProject
		docker-compose.yml = docker-compose.yml
		..\..\eShop\README.md = ..\..\eShop\README.md
		settings.ruleset = settings.ruleset
	EndProjectSection
EndProject
Project("{2150E333-8FDC-42A3-9474-1A3956D46DE8}") = "Infrastructure", "Infrastructure", "{F8B5AE1F-CCB5-4E00-B3A3-632FA6CD9068}"
EndProject
Project("{FAE04EC0-301F-11D3-BF4B-00C04F79EFBC}") = "Infrastructure", "Infrastructure\Infrastructure\Infrastructure.csproj", "{F8E5C821-6A32-46F3-9028-0ECA80C4BE8D}"
EndProject
Project("{2150E333-8FDC-42A3-9474-1A3956D46DE8}") = "Proxy", "Proxy", "{4DFA6CD4-429B-4F59-9735-9E2EE0284A77}"
EndProject
Project("{2150E333-8FDC-42A3-9474-1A3956D46DE8}") = "assets", "assets", "{04E8767C-6788-4634-9C13-D946816834FE}"
EndProject
Project("{2150E333-8FDC-42A3-9474-1A3956D46DE8}") = "gateway", "gateway", "{039D4683-318F-4C8C-A588-BE377E91B9DD}"
EndProject
Project("{2150E333-8FDC-42A3-9474-1A3956D46DE8}") = "images", "images", "{EB23EC5D-86A6-4ECA-88FE-A0284FE9E8BA}"
	ProjectSection(SolutionItems) = preProject
		Proxy\assets\images\1.png = Proxy\assets\images\1.png
		Proxy\assets\images\10.png = Proxy\assets\images\10.png
		Proxy\assets\images\11.png = Proxy\assets\images\11.png
		Proxy\assets\images\12.png = Proxy\assets\images\12.png
		Proxy\assets\images\13.png = Proxy\assets\images\13.png
		Proxy\assets\images\14.png = Proxy\assets\images\14.png
		Proxy\assets\images\2.png = Proxy\assets\images\2.png
		Proxy\assets\images\3.png = Proxy\assets\images\3.png
		Proxy\assets\images\4.png = Proxy\assets\images\4.png
		Proxy\assets\images\5.png = Proxy\assets\images\5.png
		Proxy\assets\images\6.png = Proxy\assets\images\6.png
		Proxy\assets\images\7.png = Proxy\assets\images\7.png
		Proxy\assets\images\8.png = Proxy\assets\images\8.png
		Proxy\assets\images\9.png = Proxy\assets\images\9.png
	EndProjectSection
EndProject
Project("{2150E333-8FDC-42A3-9474-1A3956D46DE8}") = "nginx", "nginx", "{C619FACC-21DB-42DC-B8A1-930B44621716}"
EndProject
Project("{2150E333-8FDC-42A3-9474-1A3956D46DE8}") = "conf.d", "conf.d", "{1267E6FC-20D3-43DE-9B4D-84E7998C04B6}"
	ProjectSection(SolutionItems) = preProject
		Proxy\gateway\nginx\conf.d\default.conf = Proxy\gateway\nginx\conf.d\default.conf
	EndProjectSection
EndProject
Project("{FAE04EC0-301F-11D3-BF4B-00C04F79EFBC}") = "Infrastructure.UnitTests", "Infrastructure\Infrastructure.UnitTests\Infrastructure.UnitTests.csproj", "{69519A11-7860-426A-9D5A-485F75CC5144}"
EndProject
Project("{FAE04EC0-301F-11D3-BF4B-00C04F79EFBC}") = "Catalog.UnitTests", "Catalog\Catalog.UnitTests\Catalog.UnitTests.csproj", "{A500473D-D36E-42BC-8179-1C214A07DDE1}"
EndProject
Global
	GlobalSection(SolutionConfigurationPlatforms) = preSolution
		Debug|Any CPU = Debug|Any CPU
		Release|Any CPU = Release|Any CPU
	EndGlobalSection
	GlobalSection(ProjectConfigurationPlatforms) = postSolution
		{AD346CF9-8A71-45E3-B7ED-30804F372CD8}.Debug|Any CPU.ActiveCfg = Debug|Any CPU
		{AD346CF9-8A71-45E3-B7ED-30804F372CD8}.Debug|Any CPU.Build.0 = Debug|Any CPU
		{AD346CF9-8A71-45E3-B7ED-30804F372CD8}.Release|Any CPU.ActiveCfg = Release|Any CPU
		{AD346CF9-8A71-45E3-B7ED-30804F372CD8}.Release|Any CPU.Build.0 = Release|Any CPU
		{F8E5C821-6A32-46F3-9028-0ECA80C4BE8D}.Debug|Any CPU.ActiveCfg = Debug|Any CPU
		{F8E5C821-6A32-46F3-9028-0ECA80C4BE8D}.Debug|Any CPU.Build.0 = Debug|Any CPU
		{F8E5C821-6A32-46F3-9028-0ECA80C4BE8D}.Release|Any CPU.ActiveCfg = Release|Any CPU
		{F8E5C821-6A32-46F3-9028-0ECA80C4BE8D}.Release|Any CPU.Build.0 = Release|Any CPU
		{69519A11-7860-426A-9D5A-485F75CC5144}.Debug|Any CPU.ActiveCfg = Debug|Any CPU
		{69519A11-7860-426A-9D5A-485F75CC5144}.Debug|Any CPU.Build.0 = Debug|Any CPU
		{69519A11-7860-426A-9D5A-485F75CC5144}.Release|Any CPU.ActiveCfg = Release|Any CPU
		{69519A11-7860-426A-9D5A-485F75CC5144}.Release|Any CPU.Build.0 = Release|Any CPU
		{A500473D-D36E-42BC-8179-1C214A07DDE1}.Debug|Any CPU.ActiveCfg = Debug|Any CPU
		{A500473D-D36E-42BC-8179-1C214A07DDE1}.Debug|Any CPU.Build.0 = Debug|Any CPU
		{A500473D-D36E-42BC-8179-1C214A07DDE1}.Release|Any CPU.ActiveCfg = Release|Any CPU
		{A500473D-D36E-42BC-8179-1C214A07DDE1}.Release|Any CPU.Build.0 = Release|Any CPU
	EndGlobalSection
	GlobalSection(SolutionProperties) = preSolution
		HideSolutionNode = FALSE
	EndGlobalSection
	GlobalSection(NestedProjects) = preSolution
		{AD346CF9-8A71-45E3-B7ED-30804F372CD8} = {E954B0BC-41B7-4FD0-8BF1-3EEC8412919B}
		{F8E5C821-6A32-46F3-9028-0ECA80C4BE8D} = {F8B5AE1F-CCB5-4E00-B3A3-632FA6CD9068}
		{04E8767C-6788-4634-9C13-D946816834FE} = {4DFA6CD4-429B-4F59-9735-9E2EE0284A77}
		{039D4683-318F-4C8C-A588-BE377E91B9DD} = {4DFA6CD4-429B-4F59-9735-9E2EE0284A77}
		{EB23EC5D-86A6-4ECA-88FE-A0284FE9E8BA} = {04E8767C-6788-4634-9C13-D946816834FE}
		{C619FACC-21DB-42DC-B8A1-930B44621716} = {039D4683-318F-4C8C-A588-BE377E91B9DD}
		{1267E6FC-20D3-43DE-9B4D-84E7998C04B6} = {C619FACC-21DB-42DC-B8A1-930B44621716}
		{69519A11-7860-426A-9D5A-485F75CC5144} = {F8B5AE1F-CCB5-4E00-B3A3-632FA6CD9068}
		{A500473D-D36E-42BC-8179-1C214A07DDE1} = {E954B0BC-41B7-4FD0-8BF1-3EEC8412919B}
	EndGlobalSection
	GlobalSection(ExtensibilityGlobals) = postSolution
		SolutionGuid = {95EC6A8D-C78E-4E1B-9458-050611DAD1DB}
	EndGlobalSection
EndGlobal
